// !$*UTF8*$!
{
	archiveVersion = 1;
	classes = {
	};
	objectVersion = 50;
	objects = {

/* Begin PBXBuildFile section */
		77099F7B20F83D7600DED48F /* SJSQLSelect.m in Sources */ = {isa = PBXBuildFile; fileRef = 77099F7A20F83D7600DED48F /* SJSQLSelect.m */; };
		7779872720ECE86F007F51AE /* AppDelegate.m in Sources */ = {isa = PBXBuildFile; fileRef = 7779872620ECE86F007F51AE /* AppDelegate.m */; };
		7779872A20ECE86F007F51AE /* ViewController.m in Sources */ = {isa = PBXBuildFile; fileRef = 7779872920ECE86F007F51AE /* ViewController.m */; };
		7779872D20ECE86F007F51AE /* Main.storyboard in Resources */ = {isa = PBXBuildFile; fileRef = 7779872B20ECE86F007F51AE /* Main.storyboard */; };
		7779872F20ECE871007F51AE /* Assets.xcassets in Resources */ = {isa = PBXBuildFile; fileRef = 7779872E20ECE871007F51AE /* Assets.xcassets */; };
		7779873220ECE871007F51AE /* LaunchScreen.storyboard in Resources */ = {isa = PBXBuildFile; fileRef = 7779873020ECE871007F51AE /* LaunchScreen.storyboard */; };
		7779873520ECE871007F51AE /* main.m in Sources */ = {isa = PBXBuildFile; fileRef = 7779873420ECE871007F51AE /* main.m */; };
		7779874B20ECE910007F51AE /* OrderItem.m in Sources */ = {isa = PBXBuildFile; fileRef = 7779874320ECE910007F51AE /* OrderItem.m */; };
		7779874C20ECE910007F51AE /* Customer.m in Sources */ = {isa = PBXBuildFile; fileRef = 7779874420ECE910007F51AE /* Customer.m */; };
		7779874D20ECE910007F51AE /* Order.m in Sources */ = {isa = PBXBuildFile; fileRef = 7779874520ECE910007F51AE /* Order.m */; };
		7779874E20ECE910007F51AE /* Product.m in Sources */ = {isa = PBXBuildFile; fileRef = 7779874720ECE910007F51AE /* Product.m */; };
		7779874F20ECE910007F51AE /* Vendor.m in Sources */ = {isa = PBXBuildFile; fileRef = 7779874A20ECE910007F51AE /* Vendor.m */; };
		778FE5CD20F76986003E777C /* tysql.sqlite in Resources */ = {isa = PBXBuildFile; fileRef = 778FE5CC20F76986003E777C /* tysql.sqlite */; };
		778FE5D320F769C4003E777C /* CollectionViewCell.m in Sources */ = {isa = PBXBuildFile; fileRef = 778FE5D220F769C4003E777C /* CollectionViewCell.m */; };
		B4A40885A8073841292F4AB4 /* libPods-SJSQLGenerator.a in Frameworks */ = {isa = PBXBuildFile; fileRef = C2DB6DE50800ED784BC177E2 /* libPods-SJSQLGenerator.a */; };
/* End PBXBuildFile section */

/* Begin PBXFileReference section */
		40B51E08D6244F1468CE6EA7 /* Pods-SJSQLGenerator.debug.xcconfig */ = {isa = PBXFileReference; includeInIndex = 1; lastKnownFileType = text.xcconfig; name = "Pods-SJSQLGenerator.debug.xcconfig"; path = "Pods/Target Support Files/Pods-SJSQLGenerator/Pods-SJSQLGenerator.debug.xcconfig"; sourceTree = "<group>"; };
		77099F7920F83D7600DED48F /* SJSQLSelect.h */ = {isa = PBXFileReference; lastKnownFileType = sourcecode.c.h; path = SJSQLSelect.h; sourceTree = "<group>"; };
		77099F7A20F83D7600DED48F /* SJSQLSelect.m */ = {isa = PBXFileReference; lastKnownFileType = sourcecode.c.objc; path = SJSQLSelect.m; sourceTree = "<group>"; };
		7779872220ECE86F007F51AE /* SJSQLGenerator.app */ = {isa = PBXFileReference; explicitFileType = wrapper.application; includeInIndex = 0; path = SJSQLGenerator.app; sourceTree = BUILT_PRODUCTS_DIR; };
		7779872520ECE86F007F51AE /* AppDelegate.h */ = {isa = PBXFileReference; lastKnownFileType = sourcecode.c.h; path = AppDelegate.h; sourceTree = "<group>"; };
		7779872620ECE86F007F51AE /* AppDelegate.m */ = {isa = PBXFileReference; lastKnownFileType = sourcecode.c.objc; path = AppDelegate.m; sourceTree = "<group>"; };
		7779872820ECE86F007F51AE /* ViewController.h */ = {isa = PBXFileReference; lastKnownFileType = sourcecode.c.h; path = ViewController.h; sourceTree = "<group>"; };
		7779872920ECE86F007F51AE /* ViewController.m */ = {isa = PBXFileReference; lastKnownFileType = sourcecode.c.objc; path = ViewController.m; sourceTree = "<group>"; };
		7779872C20ECE86F007F51AE /* Base */ = {isa = PBXFileReference; lastKnownFileType = file.storyboard; name = Base; path = Base.lproj/Main.storyboard; sourceTree = "<group>"; };
		7779872E20ECE871007F51AE /* Assets.xcassets */ = {isa = PBXFileReference; lastKnownFileType = folder.assetcatalog; path = Assets.xcassets; sourceTree = "<group>"; };
		7779873120ECE871007F51AE /* Base */ = {isa = PBXFileReference; lastKnownFileType = file.storyboard; name = Base; path = Base.lproj/LaunchScreen.storyboard; sourceTree = "<group>"; };
		7779873320ECE871007F51AE /* Info.plist */ = {isa = PBXFileReference; lastKnownFileType = text.plist.xml; path = Info.plist; sourceTree = "<group>"; };
		7779873420ECE871007F51AE /* main.m */ = {isa = PBXFileReference; lastKnownFileType = sourcecode.c.objc; path = main.m; sourceTree = "<group>"; };
		7779874120ECE90F007F51AE /* Product.h */ = {isa = PBXFileReference; fileEncoding = 4; lastKnownFileType = sourcecode.c.h; path = Product.h; sourceTree = "<group>"; };
		7779874220ECE910007F51AE /* Customer.h */ = {isa = PBXFileReference; fileEncoding = 4; lastKnownFileType = sourcecode.c.h; path = Customer.h; sourceTree = "<group>"; };
		7779874320ECE910007F51AE /* OrderItem.m */ = {isa = PBXFileReference; fileEncoding = 4; lastKnownFileType = sourcecode.c.objc; path = OrderItem.m; sourceTree = "<group>"; };
		7779874420ECE910007F51AE /* Customer.m */ = {isa = PBXFileReference; fileEncoding = 4; lastKnownFileType = sourcecode.c.objc; path = Customer.m; sourceTree = "<group>"; };
		7779874520ECE910007F51AE /* Order.m */ = {isa = PBXFileReference; fileEncoding = 4; lastKnownFileType = sourcecode.c.objc; path = Order.m; sourceTree = "<group>"; };
		7779874620ECE910007F51AE /* OrderItem.h */ = {isa = PBXFileReference; fileEncoding = 4; lastKnownFileType = sourcecode.c.h; path = OrderItem.h; sourceTree = "<group>"; };
		7779874720ECE910007F51AE /* Product.m */ = {isa = PBXFileReference; fileEncoding = 4; lastKnownFileType = sourcecode.c.objc; path = Product.m; sourceTree = "<group>"; };
		7779874820ECE910007F51AE /* Vendor.h */ = {isa = PBXFileReference; fileEncoding = 4; lastKnownFileType = sourcecode.c.h; path = Vendor.h; sourceTree = "<group>"; };
		7779874920ECE910007F51AE /* Order.h */ = {isa = PBXFileReference; fileEncoding = 4; lastKnownFileType = sourcecode.c.h; path = Order.h; sourceTree = "<group>"; };
		7779874A20ECE910007F51AE /* Vendor.m */ = {isa = PBXFileReference; fileEncoding = 4; lastKnownFileType = sourcecode.c.objc; path = Vendor.m; sourceTree = "<group>"; };
		778FE5C820F74FB7003E777C /* SJSQL.h */ = {isa = PBXFileReference; lastKnownFileType = sourcecode.c.h; path = SJSQL.h; sourceTree = "<group>"; };
		778FE5CC20F76986003E777C /* tysql.sqlite */ = {isa = PBXFileReference; lastKnownFileType = file; name = tysql.sqlite; path = ../../SQLDemo/Copy/Copy/SQLDemo/tysql.sqlite; sourceTree = "<group>"; };
		778FE5D120F769C4003E777C /* CollectionViewCell.h */ = {isa = PBXFileReference; fileEncoding = 4; lastKnownFileType = sourcecode.c.h; path = CollectionViewCell.h; sourceTree = "<group>"; };
		778FE5D220F769C4003E777C /* CollectionViewCell.m */ = {isa = PBXFileReference; fileEncoding = 4; lastKnownFileType = sourcecode.c.objc; path = CollectionViewCell.m; sourceTree = "<group>"; };
		8D71D3C36120533841A7621D /* Pods-SJSQLGenerator.release.xcconfig */ = {isa = PBXFileReference; includeInIndex = 1; lastKnownFileType = text.xcconfig; name = "Pods-SJSQLGenerator.release.xcconfig"; path = "Pods/Target Support Files/Pods-SJSQLGenerator/Pods-SJSQLGenerator.release.xcconfig"; sourceTree = "<group>"; };
		C2DB6DE50800ED784BC177E2 /* libPods-SJSQLGenerator.a */ = {isa = PBXFileReference; explicitFileType = archive.ar; includeInIndex = 0; path = "libPods-SJSQLGenerator.a"; sourceTree = BUILT_PRODUCTS_DIR; };
/* End PBXFileReference section */

/* Begin PBXFrameworksBuildPhase section */
		7779871F20ECE86F007F51AE /* Frameworks */ = {
			isa = PBXFrameworksBuildPhase;
			buildActionMask = 2147483647;
			files = (
				B4A40885A8073841292F4AB4 /* libPods-SJSQLGenerator.a in Frameworks */,
			);
			runOnlyForDeploymentPostprocessing = 0;
		};
/* End PBXFrameworksBuildPhase section */

/* Begin PBXGroup section */
		0C3647C19D1A973B15056727 /* Frameworks */ = {
			isa = PBXGroup;
			children = (
				C2DB6DE50800ED784BC177E2 /* libPods-SJSQLGenerator.a */,
			);
			name = Frameworks;
			sourceTree = "<group>";
		};
		0D19578ED408003DC1E9D7A0 /* Pods */ = {
			isa = PBXGroup;
			children = (
				40B51E08D6244F1468CE6EA7 /* Pods-SJSQLGenerator.debug.xcconfig */,
				8D71D3C36120533841A7621D /* Pods-SJSQLGenerator.release.xcconfig */,
			);
			name = Pods;
			sourceTree = "<group>";
		};
		7779871920ECE86F007F51AE = {
			isa = PBXGroup;
			children = (
				7779872420ECE86F007F51AE /* SJSQLGenerator */,
				7779872320ECE86F007F51AE /* Products */,
				0D19578ED408003DC1E9D7A0 /* Pods */,
				0C3647C19D1A973B15056727 /* Frameworks */,
			);
			sourceTree = "<group>";
		};
		7779872320ECE86F007F51AE /* Products */ = {
			isa = PBXGroup;
			children = (
				7779872220ECE86F007F51AE /* SJSQLGenerator.app */,
			);
			name = Products;
			sourceTree = "<group>";
		};
		7779872420ECE86F007F51AE /* SJSQLGenerator */ = {
			isa = PBXGroup;
			children = (
				7779872520ECE86F007F51AE /* AppDelegate.h */,
				7779872620ECE86F007F51AE /* AppDelegate.m */,
				7779872820ECE86F007F51AE /* ViewController.h */,
				7779872920ECE86F007F51AE /* ViewController.m */,
				778FE5C820F74FB7003E777C /* SJSQL.h */,
				77099F7920F83D7600DED48F /* SJSQLSelect.h */,
				77099F7A20F83D7600DED48F /* SJSQLSelect.m */,
				778FE5CC20F76986003E777C /* tysql.sqlite */,
				778FE5D120F769C4003E777C /* CollectionViewCell.h */,
				778FE5D220F769C4003E777C /* CollectionViewCell.m */,
				7779875020ECE914007F51AE /* TestModel */,
				7779872B20ECE86F007F51AE /* Main.storyboard */,
				7779872E20ECE871007F51AE /* Assets.xcassets */,
				7779873020ECE871007F51AE /* LaunchScreen.storyboard */,
				7779873320ECE871007F51AE /* Info.plist */,
				7779873420ECE871007F51AE /* main.m */,
			);
			path = SJSQLGenerator;
			sourceTree = "<group>";
		};
		7779875020ECE914007F51AE /* TestModel */ = {
			isa = PBXGroup;
			children = (
				7779874220ECE910007F51AE /* Customer.h */,
				7779874420ECE910007F51AE /* Customer.m */,
				7779874920ECE910007F51AE /* Order.h */,
				7779874520ECE910007F51AE /* Order.m */,
				7779874620ECE910007F51AE /* OrderItem.h */,
				7779874320ECE910007F51AE /* OrderItem.m */,
				7779874120ECE90F007F51AE /* Product.h */,
				7779874720ECE910007F51AE /* Product.m */,
				7779874820ECE910007F51AE /* Vendor.h */,
				7779874A20ECE910007F51AE /* Vendor.m */,
			);
			path = TestModel;
			sourceTree = "<group>";
		};
/* End PBXGroup section */

/* Begin PBXNativeTarget section */
		7779872120ECE86F007F51AE /* SJSQLGenerator */ = {
			isa = PBXNativeTarget;
			buildConfigurationList = 7779873820ECE871007F51AE /* Build configuration list for PBXNativeTarget "SJSQLGenerator" */;
			buildPhases = (
				7EAF6555ACE249385A462A57 /* [CP] Check Pods Manifest.lock */,
				7779871E20ECE86F007F51AE /* Sources */,
				7779871F20ECE86F007F51AE /* Frameworks */,
				7779872020ECE86F007F51AE /* Resources */,
			);
			buildRules = (
			);
			dependencies = (
			);
			name = SJSQLGenerator;
			productName = SJSQLGenerator;
			productReference = 7779872220ECE86F007F51AE /* SJSQLGenerator.app */;
			productType = "com.apple.product-type.application";
		};
/* End PBXNativeTarget section */

/* Begin PBXProject section */
		7779871A20ECE86F007F51AE /* Project object */ = {
			isa = PBXProject;
			attributes = {
				LastUpgradeCheck = 0940;
				ORGANIZATIONNAME = SanJiang;
				TargetAttributes = {
					7779872120ECE86F007F51AE = {
						CreatedOnToolsVersion = 9.4.1;
					};
				};
			};
			buildConfigurationList = 7779871D20ECE86F007F51AE /* Build configuration list for PBXProject "SJSQLGenerator" */;
			compatibilityVersion = "Xcode 9.3";
			developmentRegion = en;
			hasScannedForEncodings = 0;
			knownRegions = (
				en,
				Base,
			);
			mainGroup = 7779871920ECE86F007F51AE;
			productRefGroup = 7779872320ECE86F007F51AE /* Products */;
			projectDirPath = "";
			projectRoot = "";
			targets = (
				7779872120ECE86F007F51AE /* SJSQLGenerator */,
			);
		};
/* End PBXProject section */

/* Begin PBXResourcesBuildPhase section */
		7779872020ECE86F007F51AE /* Resources */ = {
			isa = PBXResourcesBuildPhase;
			buildActionMask = 2147483647;
			files = (
				7779873220ECE871007F51AE /* LaunchScreen.storyboard in Resources */,
				778FE5CD20F76986003E777C /* tysql.sqlite in Resources */,
				7779872F20ECE871007F51AE /* Assets.xcassets in Resources */,
				7779872D20ECE86F007F51AE /* Main.storyboard in Resources */,
			);
			runOnlyForDeploymentPostprocessing = 0;
		};
/* End PBXResourcesBuildPhase section */

/* Begin PBXShellScriptBuildPhase section */
		7EAF6555ACE249385A462A57 /* [CP] Check Pods Manifest.lock */ = {
			isa = PBXShellScriptBuildPhase;
			buildActionMask = 2147483647;
			files = (
			);
			inputPaths = (
				"${PODS_PODFILE_DIR_PATH}/Podfile.lock",
				"${PODS_ROOT}/Manifest.lock",
			);
			name = "[CP] Check Pods Manifest.lock";
			outputPaths = (
				"$(DERIVED_FILE_DIR)/Pods-SJSQLGenerator-checkManifestLockResult.txt",
			);
			runOnlyForDeploymentPostprocessing = 0;
			shellPath = /bin/sh;
			shellScript = "diff \"${PODS_PODFILE_DIR_PATH}/Podfile.lock\" \"${PODS_ROOT}/Manifest.lock\" > /dev/null\nif [ $? != 0 ] ; then\n    # print error to STDERR\n    echo \"error: The sandbox is not in sync with the Podfile.lock. Run 'pod install' or update your CocoaPods installation.\" >&2\n    exit 1\nfi\n# This output is used by Xcode 'outputs' to avoid re-running this script phase.\necho \"SUCCESS\" > \"${SCRIPT_OUTPUT_FILE_0}\"\n";
			showEnvVarsInLog = 0;
		};
/* End PBXShellScriptBuildPhase section */

/* Begin PBXSourcesBuildPhase section */
		7779871E20ECE86F007F51AE /* Sources */ = {
			isa = PBXSourcesBuildPhase;
			buildActionMask = 2147483647;
			files = (
				77099F7B20F83D7600DED48F /* SJSQLSelect.m in Sources */,
				7779872A20ECE86F007F51AE /* ViewController.m in Sources */,
				7779874C20ECE910007F51AE /* Customer.m in Sources */,
				7779874F20ECE910007F51AE /* Vendor.m in Sources */,
				7779873520ECE871007F51AE /* main.m in Sources */,
				7779872720ECE86F007F51AE /* AppDelegate.m in Sources */,
				778FE5D320F769C4003E777C /* CollectionViewCell.m in Sources */,
				7779874D20ECE910007F51AE /* Order.m in Sources */,
				7779874E20ECE910007F51AE /* Product.m in Sources */,
				7779874B20ECE910007F51AE /* OrderItem.m in Sources */,
			);
			runOnlyForDeploymentPostprocessing = 0;
		};
/* End PBXSourcesBuildPhase section */

/* Begin PBXVariantGroup section */
		7779872B20ECE86F007F51AE /* Main.storyboard */ = {
			isa = PBXVariantGroup;
			children = (
				7779872C20ECE86F007F51AE /* Base */,
			);
			name = Main.storyboard;
			sourceTree = "<group>";
		};
		7779873020ECE871007F51AE /* LaunchScreen.storyboard */ = {
			isa = PBXVariantGroup;
			children = (
				7779873120ECE871007F51AE /* Base */,
			);
			name = LaunchScreen.storyboard;
			sourceTree = "<group>";
		};
/* End PBXVariantGroup section */

/* Begin XCBuildConfiguration section */
		7779873620ECE871007F51AE /* Debug */ = {
			isa = XCBuildConfiguration;
			buildSettings = {
				ALWAYS_SEARCH_USER_PATHS = NO;
				CLANG_ANALYZER_NONNULL = YES;
				CLANG_ANALYZER_NUMBER_OBJECT_CONVERSION = YES_AGGRESSIVE;
				CLANG_CXX_LANGUAGE_STANDARD = "gnu++14";
				CLANG_CXX_LIBRARY = "libc++";
				CLANG_ENABLE_MODULES = YES;
				CLANG_ENABLE_OBJC_ARC = YES;
				CLANG_ENABLE_OBJC_WEAK = YES;
				CLANG_WARN_BLOCK_CAPTURE_AUTORELEASING = YES;
				CLANG_WARN_BOOL_CONVERSION = YES;
				CLANG_WARN_COMMA = YES;
				CLANG_WARN_CONSTANT_CONVERSION = YES;
				CLANG_WARN_DEPRECATED_OBJC_IMPLEMENTATIONS = YES;
				CLANG_WARN_DIRECT_OBJC_ISA_USAGE = YES_ERROR;
				CLANG_WARN_DOCUMENTATION_COMMENTS = YES;
				CLANG_WARN_EMPTY_BODY = YES;
				CLANG_WARN_ENUM_CONVERSION = YES;
				CLANG_WARN_INFINITE_RECURSION = YES;
				CLANG_WARN_INT_CONVERSION = YES;
				CLANG_WARN_NON_LITERAL_NULL_CONVERSION = YES;
				CLANG_WARN_OBJC_IMPLICIT_RETAIN_SELF = YES;
				CLANG_WARN_OBJC_LITERAL_CONVERSION = YES;
				CLANG_WARN_OBJC_ROOT_CLASS = YES_ERROR;
				CLANG_WARN_RANGE_LOOP_ANALYSIS = YES;
				CLANG_WARN_STRICT_PROTOTYPES = YES;
				CLANG_WARN_SUSPICIOUS_MOVE = YES;
				CLANG_WARN_UNGUARDED_AVAILABILITY = YES_AGGRESSIVE;
				CLANG_WARN_UNREACHABLE_CODE = YES;
				CLANG_WARN__DUPLICATE_METHOD_MATCH = YES;
				CODE_SIGN_IDENTITY = "iPhone Developer";
				COPY_PHASE_STRIP = NO;
				DEBUG_INFORMATION_FORMAT = dwarf;
				ENABLE_STRICT_OBJC_MSGSEND = YES;
				ENABLE_TESTABILITY = YES;
				GCC_C_LANGUAGE_STANDARD = gnu11;
				GCC_DYNAMIC_NO_PIC = NO;
				GCC_NO_COMMON_BLOCKS = YES;
				GCC_OPTIMIZATION_LEVEL = 0;
				GCC_PREPROCESSOR_DEFINITIONS = (
					"DEBUG=1",
					"$(inherited)",
				);
				GCC_WARN_64_TO_32_BIT_CONVERSION = YES;
				GCC_WARN_ABOUT_RETURN_TYPE = YES_ERROR;
				GCC_WARN_UNDECLARED_SELECTOR = YES;
				GCC_WARN_UNINITIALIZED_AUTOS = YES_AGGRESSIVE;
				GCC_WARN_UNUSED_FUNCTION = YES;
				GCC_WARN_UNUSED_VARIABLE = YES;
				IPHONEOS_DEPLOYMENT_TARGET = 11.4;
				MTL_ENABLE_DEBUG_INFO = YES;
				ONLY_ACTIVE_ARCH = YES;
				SDKROOT = iphoneos;
			};
			name = Debug;
		};
		7779873720ECE871007F51AE /* Release */ = {
			isa = XCBuildConfiguration;
			buildSettings = {
				ALWAYS_SEARCH_USER_PATHS = NO;
				CLANG_ANALYZER_NONNULL = YES;
				CLANG_ANALYZER_NUMBER_OBJECT_CONVERSION = YES_AGGRESSIVE;
				CLANG_CXX_LANGUAGE_STANDARD = "gnu++14";
				CLANG_CXX_LIBRARY = "libc++";
				CLANG_ENABLE_MODULES = YES;
				CLANG_ENABLE_OBJC_ARC = YES;
				CLANG_ENABLE_OBJC_WEAK = YES;
				CLANG_WARN_BLOCK_CAPTURE_AUTORELEASING = YES;
				CLANG_WARN_BOOL_CONVERSION = YES;
				CLANG_WARN_COMMA = YES;
				CLANG_WARN_CONSTANT_CONVERSION = YES;
				CLANG_WARN_DEPRECATED_OBJC_IMPLEMENTATIONS = YES;
				CLANG_WARN_DIRECT_OBJC_ISA_USAGE = YES_ERROR;
				CLANG_WARN_DOCUMENTATION_COMMENTS = YES;
				CLANG_WARN_EMPTY_BODY = YES;
				CLANG_WARN_ENUM_CONVERSION = YES;
				CLANG_WARN_INFINITE_RECURSION = YES;
				CLANG_WARN_INT_CONVERSION = YES;
				CLANG_WARN_NON_LITERAL_NULL_CONVERSION = YES;
				CLANG_WARN_OBJC_IMPLICIT_RETAIN_SELF = YES;
				CLANG_WARN_OBJC_LITERAL_CONVERSION = YES;
				CLANG_WARN_OBJC_ROOT_CLASS = YES_ERROR;
				CLANG_WARN_RANGE_LOOP_ANALYSIS = YES;
				CLANG_WARN_STRICT_PROTOTYPES = YES;
				CLANG_WARN_SUSPICIOUS_MOVE = YES;
				CLANG_WARN_UNGUARDED_AVAILABILITY = YES_AGGRESSIVE;
				CLANG_WARN_UNREACHABLE_CODE = YES;
				CLANG_WARN__DUPLICATE_METHOD_MATCH = YES;
				CODE_SIGN_IDENTITY = "iPhone Developer";
				COPY_PHASE_STRIP = NO;
				DEBUG_INFORMATION_FORMAT = "dwarf-with-dsym";
				ENABLE_NS_ASSERTIONS = NO;
				ENABLE_STRICT_OBJC_MSGSEND = YES;
				GCC_C_LANGUAGE_STANDARD = gnu11;
				GCC_NO_COMMON_BLOCKS = YES;
				GCC_WARN_64_TO_32_BIT_CONVERSION = YES;
				GCC_WARN_ABOUT_RETURN_TYPE = YES_ERROR;
				GCC_WARN_UNDECLARED_SELECTOR = YES;
				GCC_WARN_UNINITIALIZED_AUTOS = YES_AGGRESSIVE;
				GCC_WARN_UNUSED_FUNCTION = YES;
				GCC_WARN_UNUSED_VARIABLE = YES;
				IPHONEOS_DEPLOYMENT_TARGET = 11.4;
				MTL_ENABLE_DEBUG_INFO = NO;
				SDKROOT = iphoneos;
				VALIDATE_PRODUCT = YES;
			};
			name = Release;
		};
		7779873920ECE871007F51AE /* Debug */ = {
			isa = XCBuildConfiguration;
			baseConfigurationReference = 40B51E08D6244F1468CE6EA7 /* Pods-SJSQLGenerator.debug.xcconfig */;
			buildSettings = {
				ASSETCATALOG_COMPILER_APPICON_NAME = AppIcon;
				CODE_SIGN_STYLE = Manual;
				DEVELOPMENT_TEAM = DB5B5F2RH5;
				INFOPLIST_FILE = SJSQLGenerator/Info.plist;
				IPHONEOS_DEPLOYMENT_TARGET = 9.0;
				LD_RUNPATH_SEARCH_PATHS = (
					"$(inherited)",
					"@executable_path/Frameworks",
				);
				PRODUCT_BUNDLE_IDENTIFIER = com.bluedancer.SJSQLGenerator;
				PRODUCT_NAME = "$(TARGET_NAME)";
				PROVISIONING_PROFILE = "ae73dc69-dfb3-498f-914b-b86d97fd9950";
				PROVISIONING_PROFILE_SPECIFIER = SanJiangDevelopment;
				TARGETED_DEVICE_FAMILY = "1,2";
			};
			name = Debug;
		};
		7779873A20ECE871007F51AE /* Release */ = {
			isa = XCBuildConfiguration;
			baseConfigurationReference = 8D71D3C36120533841A7621D /* Pods-SJSQLGenerator.release.xcconfig */;
			buildSettings = {
				ASSETCATALOG_COMPILER_APPICON_NAME = AppIcon;
				CODE_SIGN_STYLE = Manual;
				DEVELOPMENT_TEAM = "";
				INFOPLIST_FILE = SJSQLGenerator/Info.plist;
				IPHONEOS_DEPLOYMENT_TARGET = 9.0;
				LD_RUNPATH_SEARCH_PATHS = (
					"$(inherited)",
					"@executable_path/Frameworks",
				);
				PRODUCT_BUNDLE_IDENTIFIER = com.bluedancer.SJSQLGenerator;
				PRODUCT_NAME = "$(TARGET_NAME)";
				PROVISIONING_PROFILE_SPECIFIER = "";
				TARGETED_DEVICE_FAMILY = "1,2";
			};
			name = Release;
		};
/* End XCBuildConfiguration section */

/* Begin XCConfigurationList section */
		7779871D20ECE86F007F51AE /* Build configuration list for PBXProject "SJSQLGenerator" */ = {
			isa = XCConfigurationList;
			buildConfigurations = (
				7779873620ECE871007F51AE /* Debug */,
				7779873720ECE871007F51AE /* Release */,
			);
			defaultConfigurationIsVisible = 0;
			defaultConfigurationName = Release;
		};
		7779873820ECE871007F51AE /* Build configuration list for PBXNativeTarget "SJSQLGenerator" */ = {
			isa = XCConfigurationList;
			buildConfigurations = (
				7779873920ECE871007F51AE /* Debug */,
				7779873A20ECE871007F51AE /* Release */,
			);
			defaultConfigurationIsVisible = 0;
			defaultConfigurationName = Release;
		};
/* End XCConfigurationList section */
	};
	rootObject = 7779871A20ECE86F007F51AE /* Project object */;
}
